// !$*UTF8*$!
{
	archiveVersion = 1;
	classes = {
	};
	objectVersion = 46;
	objects = {

/* Begin PBXBuildFile section */
		B5C185AD1E5CE7FD0088F287 /* AppDelegate.swift in Sources */ = {isa = PBXBuildFile; fileRef = B5C185AC1E5CE7FD0088F287 /* AppDelegate.swift */; };
		B5C185AF1E5CE7FD0088F287 /* ViewController.swift in Sources */ = {isa = PBXBuildFile; fileRef = B5C185AE1E5CE7FD0088F287 /* ViewController.swift */; };
		B5C185B21E5CE7FD0088F287 /* Main.storyboard in Resources */ = {isa = PBXBuildFile; fileRef = B5C185B01E5CE7FD0088F287 /* Main.storyboard */; };
		B5C185B41E5CE7FD0088F287 /* Assets.xcassets in Resources */ = {isa = PBXBuildFile; fileRef = B5C185B31E5CE7FD0088F287 /* Assets.xcassets */; };
		B5C185B71E5CE7FD0088F287 /* LaunchScreen.storyboard in Resources */ = {isa = PBXBuildFile; fileRef = B5C185B51E5CE7FD0088F287 /* LaunchScreen.storyboard */; };
		FB0350431E5D041D00D45D22 /* DescripCursoViewController.swift in Sources */ = {isa = PBXBuildFile; fileRef = FB0350421E5D041D00D45D22 /* DescripCursoViewController.swift */; };
		FB0350451E5D05DB00D45D22 /* ModulesViewController.swift in Sources */ = {isa = PBXBuildFile; fileRef = FB0350441E5D05DB00D45D22 /* ModulesViewController.swift */; };
		FB0350471E5D06B400D45D22 /* DescripModulesViewController.swift in Sources */ = {isa = PBXBuildFile; fileRef = FB0350461E5D06B400D45D22 /* DescripModulesViewController.swift */; };
		FB0350491E5D0CEA00D45D22 /* DatosCompletosTableViewController.swift in Sources */ = {isa = PBXBuildFile; fileRef = FB0350481E5D0CEA00D45D22 /* DatosCompletosTableViewController.swift */; };
/* End PBXBuildFile section */

/* Begin PBXFileReference section */
		B5C185A91E5CE7FD0088F287 /* Trabajo Final Modulo 1.app */ = {isa = PBXFileReference; explicitFileType = wrapper.application; includeInIndex = 0; path = "Trabajo Final Modulo 1.app"; sourceTree = BUILT_PRODUCTS_DIR; };
		B5C185AC1E5CE7FD0088F287 /* AppDelegate.swift */ = {isa = PBXFileReference; lastKnownFileType = sourcecode.swift; path = AppDelegate.swift; sourceTree = "<group>"; };
		B5C185AE1E5CE7FD0088F287 /* ViewController.swift */ = {isa = PBXFileReference; lastKnownFileType = sourcecode.swift; path = ViewController.swift; sourceTree = "<group>"; };
		B5C185B11E5CE7FD0088F287 /* Base */ = {isa = PBXFileReference; lastKnownFileType = file.storyboard; name = Base; path = Base.lproj/Main.storyboard; sourceTree = "<group>"; };
		B5C185B31E5CE7FD0088F287 /* Assets.xcassets */ = {isa = PBXFileReference; lastKnownFileType = folder.assetcatalog; path = Assets.xcassets; sourceTree = "<group>"; };
		B5C185B61E5CE7FD0088F287 /* Base */ = {isa = PBXFileReference; lastKnownFileType = file.storyboard; name = Base; path = Base.lproj/LaunchScreen.storyboard; sourceTree = "<group>"; };
		B5C185B81E5CE7FD0088F287 /* Info.plist */ = {isa = PBXFileReference; lastKnownFileType = text.plist.xml; path = Info.plist; sourceTree = "<group>"; };
		FB0350421E5D041D00D45D22 /* DescripCursoViewController.swift */ = {isa = PBXFileReference; fileEncoding = 4; lastKnownFileType = sourcecode.swift; path = DescripCursoViewController.swift; sourceTree = "<group>"; };
		FB0350441E5D05DB00D45D22 /* ModulesViewController.swift */ = {isa = PBXFileReference; fileEncoding = 4; lastKnownFileType = sourcecode.swift; path = ModulesViewController.swift; sourceTree = "<group>"; };
		FB0350461E5D06B400D45D22 /* DescripModulesViewController.swift */ = {isa = PBXFileReference; fileEncoding = 4; lastKnownFileType = sourcecode.swift; path = DescripModulesViewController.swift; sourceTree = "<group>"; };
		FB0350481E5D0CEA00D45D22 /* DatosCompletosTableViewController.swift */ = {isa = PBXFileReference; fileEncoding = 4; lastKnownFileType = sourcecode.swift; path = DatosCompletosTableViewController.swift; sourceTree = "<group>"; };
/* End PBXFileReference section */

/* Begin PBXFrameworksBuildPhase section */
		B5C185A61E5CE7FD0088F287 /* Frameworks */ = {
			isa = PBXFrameworksBuildPhase;
			buildActionMask = 2147483647;
			files = (
			);
			runOnlyForDeploymentPostprocessing = 0;
		};
/* End PBXFrameworksBuildPhase section */

/* Begin PBXGroup section */
		B5C185A01E5CE7FD0088F287 = {
			isa = PBXGroup;
			children = (
				B5C185AB1E5CE7FD0088F287 /* Trabajo Final Modulo 1 */,
				B5C185AA1E5CE7FD0088F287 /* Products */,
			);
			sourceTree = "<group>";
		};
		B5C185AA1E5CE7FD0088F287 /* Products */ = {
			isa = PBXGroup;
			children = (
				B5C185A91E5CE7FD0088F287 /* Trabajo Final Modulo 1.app */,
			);
			name = Products;
			sourceTree = "<group>";
		};
		B5C185AB1E5CE7FD0088F287 /* Trabajo Final Modulo 1 */ = {
			isa = PBXGroup;
			children = (
				B5C185AC1E5CE7FD0088F287 /* AppDelegate.swift */,
				B5C185AE1E5CE7FD0088F287 /* ViewController.swift */,
				B5C185B01E5CE7FD0088F287 /* Main.storyboard */,
				FB0350481E5D0CEA00D45D22 /* DatosCompletosTableViewController.swift */,
				FB0350461E5D06B400D45D22 /* DescripModulesViewController.swift */,
				FB0350441E5D05DB00D45D22 /* ModulesViewController.swift */,
				FB0350421E5D041D00D45D22 /* DescripCursoViewController.swift */,
				B5C185B31E5CE7FD0088F287 /* Assets.xcassets */,
				B5C185B51E5CE7FD0088F287 /* LaunchScreen.storyboard */,
				B5C185B81E5CE7FD0088F287 /* Info.plist */,
			);
			path = "Trabajo Final Modulo 1";
			sourceTree = "<group>";
		};
/* End PBXGroup section */

/* Begin PBXNativeTarget section */
		B5C185A81E5CE7FD0088F287 /* Trabajo Final Modulo 1 */ = {
			isa = PBXNativeTarget;
			buildConfigurationList = B5C185BB1E5CE7FD0088F287 /* Build configuration list for PBXNativeTarget "Trabajo Final Modulo 1" */;
			buildPhases = (
				B5C185A51E5CE7FD0088F287 /* Sources */,
				B5C185A61E5CE7FD0088F287 /* Frameworks */,
				B5C185A71E5CE7FD0088F287 /* Resources */,
			);
			buildRules = (
			);
			dependencies = (
			);
			name = "Trabajo Final Modulo 1";
			productName = "Trabajo Final Modulo 1";
			productReference = B5C185A91E5CE7FD0088F287 /* Trabajo Final Modulo 1.app */;
			productType = "com.apple.product-type.application";
		};
/* End PBXNativeTarget section */

/* Begin PBXProject section */
		B5C185A11E5CE7FD0088F287 /* Project object */ = {
			isa = PBXProject;
			attributes = {
				LastSwiftUpdateCheck = 0820;
				LastUpgradeCheck = 0820;
				ORGANIZATIONNAME = "Jose Romero Quiroz";
				TargetAttributes = {
					B5C185A81E5CE7FD0088F287 = {
						CreatedOnToolsVersion = 8.2.1;
						ProvisioningStyle = Automatic;
					};
				};
			};
			buildConfigurationList = B5C185A41E5CE7FD0088F287 /* Build configuration list for PBXProject "Trabajo Final Modulo 1" */;
			compatibilityVersion = "Xcode 3.2";
			developmentRegion = English;
			hasScannedForEncodings = 0;
			knownRegions = (
				en,
				Base,
			);
			mainGroup = B5C185A01E5CE7FD0088F287;
			productRefGroup = B5C185AA1E5CE7FD0088F287 /* Products */;
			projectDirPath = "";
			projectRoot = "";
			targets = (
				B5C185A81E5CE7FD0088F287 /* Trabajo Final Modulo 1 */,
			);
		};
/* End PBXProject section */

/* Begin PBXResourcesBuildPhase section */
		B5C185A71E5CE7FD0088F287 /* Resources */ = {
			isa = PBXResourcesBuildPhase;
			buildActionMask = 2147483647;
			files = (
				B5C185B71E5CE7FD0088F287 /* LaunchScreen.storyboard in Resources */,
				B5C185B41E5CE7FD0088F287 /* Assets.xcassets in Resources */,
				B5C185B21E5CE7FD0088F287 /* Main.storyboard in Resources */,
			);
			runOnlyForDeploymentPostprocessing = 0;
		};
/* End PBXResourcesBuildPhase section */

/* Begin PBXSourcesBuildPhase section */
		B5C185A51E5CE7FD0088F287 /* Sources */ = {
			isa = PBXSourcesBuildPhase;
			buildActionMask = 2147483647;
			files = (
				FB0350491E5D0CEA00D45D22 /* DatosCompletosTableViewController.swift in Sources */,
				B5C185AF1E5CE7FD0088F287 /* ViewController.swift in Sources */,
				FB0350431E5D041D00D45D22 /* DescripCursoViewController.swift in Sources */,
				FB0350451E5D05DB00D45D22 /* ModulesViewController.swift in Sources */,
				B5C185AD1E5CE7FD0088F287 /* AppDelegate.swift in Sources */,
				FB0350471E5D06B400D45D22 /* DescripModulesViewController.swift in Sources */,
			);
			runOnlyForDeploymentPostprocessing = 0;
		};
/* End PBXSourcesBuildPhase section */

/* Begin PBXVariantGroup section */
		B5C185B01E5CE7FD0088F287 /* Main.storyboard */ = {
			isa = PBXVariantGroup;
			children = (
				B5C185B11E5CE7FD0088F287 /* Base */,
			);
			name = Main.storyboard;
			sourceTree = "<group>";
		};
		B5C185B51E5CE7FD0088F287 /* LaunchScreen.storyboard */ = {
			isa = PBXVariantGroup;
			children = (
				B5C185B61E5CE7FD0088F287 /* Base */,
			);
			name = LaunchScreen.storyboard;
			sourceTree = "<group>";
		};
/* End PBXVariantGroup section */

/* Begin XCBuildConfiguration section */
		B5C185B91E5CE7FD0088F287 /* Debug */ = {
			isa = XCBuildConfiguration;
			buildSettings = {
				ALWAYS_SEARCH_USER_PATHS = NO;
				CLANG_ANALYZER_NONNULL = YES;
				CLANG_CXX_LANGUAGE_STANDARD = "gnu++0x";
				CLANG_CXX_LIBRARY = "libc++";
				CLANG_ENABLE_MODULES = YES;
				CLANG_ENABLE_OBJC_ARC = YES;
				CLANG_WARN_BOOL_CONVERSION = YES;
				CLANG_WARN_CONSTANT_CONVERSION = YES;
				CLANG_WARN_DIRECT_OBJC_ISA_USAGE = YES_ERROR;
				CLANG_WARN_DOCUMENTATION_COMMENTS = YES;
				CLANG_WARN_EMPTY_BODY = YES;
				CLANG_WARN_ENUM_CONVERSION = YES;
				CLANG_WARN_INFINITE_RECURSION = YES;
				CLANG_WARN_INT_CONVERSION = YES;
				CLANG_WARN_OBJC_ROOT_CLASS = YES_ERROR;
				CLANG_WARN_SUSPICIOUS_MOVE = YES;
				CLANG_WARN_UNREACHABLE_CODE = YES;
				CLANG_WARN__DUPLICATE_METHOD_MATCH = YES;
				"CODE_SIGN_IDENTITY[sdk=iphoneos*]" = "iPhone Developer";
				COPY_PHASE_STRIP = NO;
				DEBUG_INFORMATION_FORMAT = dwarf;
				ENABLE_STRICT_OBJC_MSGSEND = YES;
				ENABLE_TESTABILITY = YES;
				GCC_C_LANGUAGE_STANDARD = gnu99;
				GCC_DYNAMIC_NO_PIC = NO;
				GCC_NO_COMMON_BLOCKS = YES;
				GCC_OPTIMIZATION_LEVEL = 0;
				GCC_PREPROCESSOR_DEFINITIONS = (
					"DEBUG=1",
					"$(inherited)",
				);
				GCC_WARN_64_TO_32_BIT_CONVERSION = YES;
				GCC_WARN_ABOUT_RETURN_TYPE = YES_ERROR;
				GCC_WARN_UNDECLARED_SELECTOR = YES;
				GCC_WARN_UNINITIALIZED_AUTOS = YES_AGGRESSIVE;
				GCC_WARN_UNUSED_FUNCTION = YES;
				GCC_WARN_UNUSED_VARIABLE = YES;
				IPHONEOS_DEPLOYMENT_TARGET = 10.2;
				MTL_ENABLE_DEBUG_INFO = YES;
				ONLY_ACTIVE_ARCH = YES;
				SDKROOT = iphoneos;
				SWIFT_ACTIVE_COMPILATION_CONDITIONS = DEBUG;
				SWIFT_OPTIMIZATION_LEVEL = "-Onone";
				TARGETED_DEVICE_FAMILY = "1,2";
			};
			name = Debug;
		};
		B5C185BA1E5CE7FD0088F287 /* Release */ = {
			isa = XCBuildConfiguration;
			buildSettings = {
				ALWAYS_SEARCH_USER_PATHS = NO;
				CLANG_ANALYZER_NONNULL = YES;
				CLANG_CXX_LANGUAGE_STANDARD = "gnu++0x";
				CLANG_CXX_LIBRARY = "libc++";
				CLANG_ENABLE_MODULES = YES;
				CLANG_ENABLE_OBJC_ARC = YES;
				CLANG_WARN_BOOL_CONVERSION = YES;
				CLANG_WARN_CONSTANT_CONVERSION = YES;
				CLANG_WARN_DIRECT_OBJC_ISA_USAGE = YES_ERROR;
				CLANG_WARN_DOCUMENTATION_COMMENTS = YES;
				CLANG_WARN_EMPTY_BODY = YES;
				CLANG_WARN_ENUM_CONVERSION = YES;
				CLANG_WARN_INFINITE_RECURSION = YES;
				CLANG_WARN_INT_CONVERSION = YES;
				CLANG_WARN_OBJC_ROOT_CLASS = YES_ERROR;
				CLANG_WARN_SUSPICIOUS_MOVE = YES;
				CLANG_WARN_UNREACHABLE_CODE = YES;
				CLANG_WARN__DUPLICATE_METHOD_MATCH = YES;
				"CODE_SIGN_IDENTITY[sdk=iphoneos*]" = "iPhone Developer";
				COPY_PHASE_STRIP = NO;
				DEBUG_INFORMATION_FORMAT = "dwarf-with-dsym";
				ENABLE_NS_ASSERTIONS = NO;
				ENABLE_STRICT_OBJC_MSGSEND = YES;
				GCC_C_LANGUAGE_STANDARD = gnu99;
				GCC_NO_COMMON_BLOCKS = YES;
				GCC_WARN_64_TO_32_BIT_CONVERSION = YES;
				GCC_WARN_ABOUT_RETURN_TYPE = YES_ERROR;
				GCC_WARN_UNDECLARED_SELECTOR = YES;
				GCC_WARN_UNINITIALIZED_AUTOS = YES_AGGRESSIVE;
				GCC_WARN_UNUSED_FUNCTION = YES;
				GCC_WARN_UNUSED_VARIABLE = YES;
				IPHONEOS_DEPLOYMENT_TARGET = 10.2;
				MTL_ENABLE_DEBUG_INFO = NO;
				SDKROOT = iphoneos;
				SWIFT_OPTIMIZATION_LEVEL = "-Owholemodule";
				TARGETED_DEVICE_FAMILY = "1,2";
				VALIDATE_PRODUCT = YES;
			};
			name = Release;
		};
		B5C185BC1E5CE7FD0088F287 /* Debug */ = {
			isa = XCBuildConfiguration;
			buildSettings = {
				ASSETCATALOG_COMPILER_APPICON_NAME = AppIcon;
				INFOPLIST_FILE = "Trabajo Final Modulo 1/Info.plist";
				IPHONEOS_DEPLOYMENT_TARGET = 10.0;
				LD_RUNPATH_SEARCH_PATHS = "$(inherited) @executable_path/Frameworks";
				PRODUCT_BUNDLE_IDENTIFIER = "joserq.group.Trabajo-Final-Modulo-1";
				PRODUCT_NAME = "$(TARGET_NAME)";
				SWIFT_VERSION = 3.0;
			};
			name = Debug;
		};
		B5C185BD1E5CE7FD0088F287 /* Release */ = {
			isa = XCBuildConfiguration;
			buildSettings = {
				ASSETCATALOG_COMPILER_APPICON_NAME = AppIcon;
				INFOPLIST_FILE = "Trabajo Final Modulo 1/Info.plist";
				IPHONEOS_DEPLOYMENT_TARGET = 10.0;
				LD_RUNPATH_SEARCH_PATHS = "$(inherited) @executable_path/Frameworks";
				PRODUCT_BUNDLE_IDENTIFIER = "joserq.group.Trabajo-Final-Modulo-1";
				PRODUCT_NAME = "$(TARGET_NAME)";
				SWIFT_VERSION = 3.0;
			};
			name = Release;
		};
/* End XCBuildConfiguration section */

/* Begin XCConfigurationList section */
		B5C185A41E5CE7FD0088F287 /* Build configuration list for PBXProject "Trabajo Final Modulo 1" */ = {
			isa = XCConfigurationList;
			buildConfigurations = (
				B5C185B91E5CE7FD0088F287 /* Debug */,
				B5C185BA1E5CE7FD0088F287 /* Release */,
			);
			defaultConfigurationIsVisible = 0;
			defaultConfigurationName = Release;
		};
		B5C185BB1E5CE7FD0088F287 /* Build configuration list for PBXNativeTarget "Trabajo Final Modulo 1" */ = {
			isa = XCConfigurationList;
			buildConfigurations = (
				B5C185BC1E5CE7FD0088F287 /* Debug */,
				B5C185BD1E5CE7FD0088F287 /* Release */,
			);
			defaultConfigurationIsVisible = 0;
			defaultConfigurationName = Release;
		};
/* End XCConfigurationList section */
	};
	rootObject = B5C185A11E5CE7FD0088F287 /* Project object */;
}
